
Microsoft Visual Studio Solution File, Format Version 12.00
Project("{FAE04EC0-301F-11D3-BF4B-00C04F79EFBC}") = "List.Find.Benchmarks", "List.Find.Benchmarks\List.Find.Benchmarks.csproj", "{60322762-438C-4733-9E7B-917860C3FE60}"
EndProject
Global
	GlobalSection(SolutionConfigurationPlatforms) = preSolution
		Debug|Any CPU = Debug|Any CPU
		Release|Any CPU = Release|Any CPU
	EndGlobalSection
	GlobalSection(ProjectConfigurationPlatforms) = postSolution
		{60322762-438C-4733-9E7B-917860C3FE60}.Debug|Any CPU.ActiveCfg = Debug|Any CPU
		{60322762-438C-4733-9E7B-917860C3FE60}.Debug|Any CPU.Build.0 = Debug|Any CPU
		{60322762-438C-4733-9E7B-917860C3FE60}.Release|Any CPU.ActiveCfg = Release|Any CPU
		{60322762-438C-4733-9E7B-917860C3FE60}.Release|Any CPU.Build.0 = Release|Any CPU
	EndGlobalSection
EndGlobal
